// !$*UTF8*$!
{
	archiveVersion = 1;
	classes = {
	};
	objectVersion = 48;
	objects = {

/* Begin PBXBuildFile section */
		6E3679F820154FA4003B6C07 /* LoadViewController.swift in Sources */ = {isa = PBXBuildFile; fileRef = 6E3679F720154FA4003B6C07 /* LoadViewController.swift */; };
		6E86BD352012800600DE96B1 /* Airfield.swift in Sources */ = {isa = PBXBuildFile; fileRef = 6E86BD342012800600DE96B1 /* Airfield.swift */; };
		6E86BD372012847700DE96B1 /* AirfieldStore.swift in Sources */ = {isa = PBXBuildFile; fileRef = 6E86BD362012847700DE96B1 /* AirfieldStore.swift */; };
		6EAE857520118487000F056D /* AppDelegate.swift in Sources */ = {isa = PBXBuildFile; fileRef = 6EAE857420118487000F056D /* AppDelegate.swift */; };
		6EAE857A20118487000F056D /* Main.storyboard in Resources */ = {isa = PBXBuildFile; fileRef = 6EAE857820118487000F056D /* Main.storyboard */; };
		6EAE857C20118487000F056D /* Assets.xcassets in Resources */ = {isa = PBXBuildFile; fileRef = 6EAE857B20118487000F056D /* Assets.xcassets */; };
		6EAE857F20118487000F056D /* LaunchScreen.storyboard in Resources */ = {isa = PBXBuildFile; fileRef = 6EAE857D20118487000F056D /* LaunchScreen.storyboard */; };
		6EAE858A20118487000F056D /* AirfieldsTests.swift in Sources */ = {isa = PBXBuildFile; fileRef = 6EAE858920118487000F056D /* AirfieldsTests.swift */; };
		6EAE859520118487000F056D /* AirfieldsUITests.swift in Sources */ = {isa = PBXBuildFile; fileRef = 6EAE859420118487000F056D /* AirfieldsUITests.swift */; };
		6EAE85A3201184CA000F056D /* AirfileldTableViewController.swift in Sources */ = {isa = PBXBuildFile; fileRef = 6EAE85A2201184CA000F056D /* AirfileldTableViewController.swift */; };
/* End PBXBuildFile section */

/* Begin PBXContainerItemProxy section */
		6EAE858620118487000F056D /* PBXContainerItemProxy */ = {
			isa = PBXContainerItemProxy;
			containerPortal = 6EAE856920118487000F056D /* Project object */;
			proxyType = 1;
			remoteGlobalIDString = 6EAE857020118487000F056D;
			remoteInfo = Airfields;
		};
		6EAE859120118487000F056D /* PBXContainerItemProxy */ = {
			isa = PBXContainerItemProxy;
			containerPortal = 6EAE856920118487000F056D /* Project object */;
			proxyType = 1;
			remoteGlobalIDString = 6EAE857020118487000F056D;
			remoteInfo = Airfields;
		};
/* End PBXContainerItemProxy section */

/* Begin PBXFileReference section */
		6E3679F720154FA4003B6C07 /* LoadViewController.swift */ = {isa = PBXFileReference; lastKnownFileType = sourcecode.swift; path = LoadViewController.swift; sourceTree = "<group>"; };
		6E86BD342012800600DE96B1 /* Airfield.swift */ = {isa = PBXFileReference; lastKnownFileType = sourcecode.swift; path = Airfield.swift; sourceTree = "<group>"; };
		6E86BD362012847700DE96B1 /* AirfieldStore.swift */ = {isa = PBXFileReference; lastKnownFileType = sourcecode.swift; path = AirfieldStore.swift; sourceTree = "<group>"; };
		6EAE857120118487000F056D /* Airfields.app */ = {isa = PBXFileReference; explicitFileType = wrapper.application; includeInIndex = 0; path = Airfields.app; sourceTree = BUILT_PRODUCTS_DIR; };
		6EAE857420118487000F056D /* AppDelegate.swift */ = {isa = PBXFileReference; lastKnownFileType = sourcecode.swift; path = AppDelegate.swift; sourceTree = "<group>"; };
		6EAE857920118487000F056D /* Base */ = {isa = PBXFileReference; lastKnownFileType = file.storyboard; name = Base; path = Base.lproj/Main.storyboard; sourceTree = "<group>"; };
		6EAE857B20118487000F056D /* Assets.xcassets */ = {isa = PBXFileReference; lastKnownFileType = folder.assetcatalog; path = Assets.xcassets; sourceTree = "<group>"; };
		6EAE857E20118487000F056D /* Base */ = {isa = PBXFileReference; lastKnownFileType = file.storyboard; name = Base; path = Base.lproj/LaunchScreen.storyboard; sourceTree = "<group>"; };
		6EAE858020118487000F056D /* Info.plist */ = {isa = PBXFileReference; lastKnownFileType = text.plist.xml; path = Info.plist; sourceTree = "<group>"; };
		6EAE858520118487000F056D /* AirfieldsTests.xctest */ = {isa = PBXFileReference; explicitFileType = wrapper.cfbundle; includeInIndex = 0; path = AirfieldsTests.xctest; sourceTree = BUILT_PRODUCTS_DIR; };
		6EAE858920118487000F056D /* AirfieldsTests.swift */ = {isa = PBXFileReference; lastKnownFileType = sourcecode.swift; path = AirfieldsTests.swift; sourceTree = "<group>"; };
		6EAE858B20118487000F056D /* Info.plist */ = {isa = PBXFileReference; lastKnownFileType = text.plist.xml; path = Info.plist; sourceTree = "<group>"; };
		6EAE859020118487000F056D /* AirfieldsUITests.xctest */ = {isa = PBXFileReference; explicitFileType = wrapper.cfbundle; includeInIndex = 0; path = AirfieldsUITests.xctest; sourceTree = BUILT_PRODUCTS_DIR; };
		6EAE859420118487000F056D /* AirfieldsUITests.swift */ = {isa = PBXFileReference; lastKnownFileType = sourcecode.swift; path = AirfieldsUITests.swift; sourceTree = "<group>"; };
		6EAE859620118487000F056D /* Info.plist */ = {isa = PBXFileReference; lastKnownFileType = text.plist.xml; path = Info.plist; sourceTree = "<group>"; };
		6EAE85A2201184CA000F056D /* AirfileldTableViewController.swift */ = {isa = PBXFileReference; lastKnownFileType = sourcecode.swift; path = AirfileldTableViewController.swift; sourceTree = "<group>"; };
/* End PBXFileReference section */

/* Begin PBXFrameworksBuildPhase section */
		6EAE856E20118487000F056D /* Frameworks */ = {
			isa = PBXFrameworksBuildPhase;
			buildActionMask = 2147483647;
			files = (
			);
			runOnlyForDeploymentPostprocessing = 0;
		};
		6EAE858220118487000F056D /* Frameworks */ = {
			isa = PBXFrameworksBuildPhase;
			buildActionMask = 2147483647;
			files = (
			);
			runOnlyForDeploymentPostprocessing = 0;
		};
		6EAE858D20118487000F056D /* Frameworks */ = {
			isa = PBXFrameworksBuildPhase;
			buildActionMask = 2147483647;
			files = (
			);
			runOnlyForDeploymentPostprocessing = 0;
		};
/* End PBXFrameworksBuildPhase section */

/* Begin PBXGroup section */
		6EAE856820118487000F056D = {
			isa = PBXGroup;
			children = (
				6EAE857320118487000F056D /* Airfields */,
				6EAE858820118487000F056D /* AirfieldsTests */,
				6EAE859320118487000F056D /* AirfieldsUITests */,
				6EAE857220118487000F056D /* Products */,
			);
			sourceTree = "<group>";
		};
		6EAE857220118487000F056D /* Products */ = {
			isa = PBXGroup;
			children = (
				6EAE857120118487000F056D /* Airfields.app */,
				6EAE858520118487000F056D /* AirfieldsTests.xctest */,
				6EAE859020118487000F056D /* AirfieldsUITests.xctest */,
			);
			name = Products;
			sourceTree = "<group>";
		};
		6EAE857320118487000F056D /* Airfields */ = {
			isa = PBXGroup;
			children = (
				6EAE857820118487000F056D /* Main.storyboard */,
				6E3679F720154FA4003B6C07 /* LoadViewController.swift */,
				6EAE857420118487000F056D /* AppDelegate.swift */,
				6EAE85A2201184CA000F056D /* AirfileldTableViewController.swift */,
				6E86BD342012800600DE96B1 /* Airfield.swift */,
				6E86BD362012847700DE96B1 /* AirfieldStore.swift */,
				6EAE857B20118487000F056D /* Assets.xcassets */,
				6EAE857D20118487000F056D /* LaunchScreen.storyboard */,
				6EAE858020118487000F056D /* Info.plist */,
			);
			path = Airfields;
			sourceTree = "<group>";
		};
		6EAE858820118487000F056D /* AirfieldsTests */ = {
			isa = PBXGroup;
			children = (
				6EAE858920118487000F056D /* AirfieldsTests.swift */,
				6EAE858B20118487000F056D /* Info.plist */,
			);
			path = AirfieldsTests;
			sourceTree = "<group>";
		};
		6EAE859320118487000F056D /* AirfieldsUITests */ = {
			isa = PBXGroup;
			children = (
				6EAE859420118487000F056D /* AirfieldsUITests.swift */,
				6EAE859620118487000F056D /* Info.plist */,
			);
			path = AirfieldsUITests;
			sourceTree = "<group>";
		};
/* End PBXGroup section */

/* Begin PBXNativeTarget section */
		6EAE857020118487000F056D /* Airfields */ = {
			isa = PBXNativeTarget;
			buildConfigurationList = 6EAE859920118487000F056D /* Build configuration list for PBXNativeTarget "Airfields" */;
			buildPhases = (
				6EAE856D20118487000F056D /* Sources */,
				6EAE856E20118487000F056D /* Frameworks */,
				6EAE856F20118487000F056D /* Resources */,
			);
			buildRules = (
			);
			dependencies = (
			);
			name = Airfields;
			productName = Airfields;
			productReference = 6EAE857120118487000F056D /* Airfields.app */;
			productType = "com.apple.product-type.application";
		};
		6EAE858420118487000F056D /* AirfieldsTests */ = {
			isa = PBXNativeTarget;
			buildConfigurationList = 6EAE859C20118487000F056D /* Build configuration list for PBXNativeTarget "AirfieldsTests" */;
			buildPhases = (
				6EAE858120118487000F056D /* Sources */,
				6EAE858220118487000F056D /* Frameworks */,
				6EAE858320118487000F056D /* Resources */,
			);
			buildRules = (
			);
			dependencies = (
				6EAE858720118487000F056D /* PBXTargetDependency */,
			);
			name = AirfieldsTests;
			productName = AirfieldsTests;
			productReference = 6EAE858520118487000F056D /* AirfieldsTests.xctest */;
			productType = "com.apple.product-type.bundle.unit-test";
		};
		6EAE858F20118487000F056D /* AirfieldsUITests */ = {
			isa = PBXNativeTarget;
			buildConfigurationList = 6EAE859F20118487000F056D /* Build configuration list for PBXNativeTarget "AirfieldsUITests" */;
			buildPhases = (
				6EAE858C20118487000F056D /* Sources */,
				6EAE858D20118487000F056D /* Frameworks */,
				6EAE858E20118487000F056D /* Resources */,
			);
			buildRules = (
			);
			dependencies = (
				6EAE859220118487000F056D /* PBXTargetDependency */,
			);
			name = AirfieldsUITests;
			productName = AirfieldsUITests;
			productReference = 6EAE859020118487000F056D /* AirfieldsUITests.xctest */;
			productType = "com.apple.product-type.bundle.ui-testing";
		};
/* End PBXNativeTarget section */

/* Begin PBXProject section */
		6EAE856920118487000F056D /* Project object */ = {
			isa = PBXProject;
			attributes = {
				LastSwiftUpdateCheck = 0920;
				LastUpgradeCheck = 0920;
				ORGANIZATIONNAME = Caerus;
				TargetAttributes = {
					6EAE857020118487000F056D = {
						CreatedOnToolsVersion = 9.2;
						ProvisioningStyle = Automatic;
					};
					6EAE858420118487000F056D = {
						CreatedOnToolsVersion = 9.2;
						ProvisioningStyle = Automatic;
						TestTargetID = 6EAE857020118487000F056D;
					};
					6EAE858F20118487000F056D = {
						CreatedOnToolsVersion = 9.2;
						ProvisioningStyle = Automatic;
						TestTargetID = 6EAE857020118487000F056D;
					};
				};
			};
			buildConfigurationList = 6EAE856C20118487000F056D /* Build configuration list for PBXProject "Airfields" */;
			compatibilityVersion = "Xcode 8.0";
			developmentRegion = en;
			hasScannedForEncodings = 0;
			knownRegions = (
				en,
				Base,
			);
			mainGroup = 6EAE856820118487000F056D;
			productRefGroup = 6EAE857220118487000F056D /* Products */;
			projectDirPath = "";
			projectRoot = "";
			targets = (
				6EAE857020118487000F056D /* Airfields */,
				6EAE858420118487000F056D /* AirfieldsTests */,
				6EAE858F20118487000F056D /* AirfieldsUITests */,
			);
		};
/* End PBXProject section */

/* Begin PBXResourcesBuildPhase section */
		6EAE856F20118487000F056D /* Resources */ = {
			isa = PBXResourcesBuildPhase;
			buildActionMask = 2147483647;
			files = (
				6EAE857F20118487000F056D /* LaunchScreen.storyboard in Resources */,
				6EAE857C20118487000F056D /* Assets.xcassets in Resources */,
				6EAE857A20118487000F056D /* Main.storyboard in Resources */,
			);
			runOnlyForDeploymentPostprocessing = 0;
		};
		6EAE858320118487000F056D /* Resources */ = {
			isa = PBXResourcesBuildPhase;
			buildActionMask = 2147483647;
			files = (
			);
			runOnlyForDeploymentPostprocessing = 0;
		};
		6EAE858E20118487000F056D /* Resources */ = {
			isa = PBXResourcesBuildPhase;
			buildActionMask = 2147483647;
			files = (
			);
			runOnlyForDeploymentPostprocessing = 0;
		};
/* End PBXResourcesBuildPhase section */

/* Begin PBXSourcesBuildPhase section */
		6EAE856D20118487000F056D /* Sources */ = {
			isa = PBXSourcesBuildPhase;
			buildActionMask = 2147483647;
			files = (
				6E3679F820154FA4003B6C07 /* LoadViewController.swift in Sources */,
				6EAE85A3201184CA000F056D /* AirfileldTableViewController.swift in Sources */,
				6E86BD352012800600DE96B1 /* Airfield.swift in Sources */,
				6EAE857520118487000F056D /* AppDelegate.swift in Sources */,
				6E86BD372012847700DE96B1 /* AirfieldStore.swift in Sources */,
			);
			runOnlyForDeploymentPostprocessing = 0;
		};
		6EAE858120118487000F056D /* Sources */ = {
			isa = PBXSourcesBuildPhase;
			buildActionMask = 2147483647;
			files = (
				6EAE858A20118487000F056D /* AirfieldsTests.swift in Sources */,
			);
			runOnlyForDeploymentPostprocessing = 0;
		};
		6EAE858C20118487000F056D /* Sources */ = {
			isa = PBXSourcesBuildPhase;
			buildActionMask = 2147483647;
			files = (
				6EAE859520118487000F056D /* AirfieldsUITests.swift in Sources */,
			);
			runOnlyForDeploymentPostprocessing = 0;
		};
/* End PBXSourcesBuildPhase section */

/* Begin PBXTargetDependency section */
		6EAE858720118487000F056D /* PBXTargetDependency */ = {
			isa = PBXTargetDependency;
			target = 6EAE857020118487000F056D /* Airfields */;
			targetProxy = 6EAE858620118487000F056D /* PBXContainerItemProxy */;
		};
		6EAE859220118487000F056D /* PBXTargetDependency */ = {
			isa = PBXTargetDependency;
			target = 6EAE857020118487000F056D /* Airfields */;
			targetProxy = 6EAE859120118487000F056D /* PBXContainerItemProxy */;
		};
/* End PBXTargetDependency section */

/* Begin PBXVariantGroup section */
		6EAE857820118487000F056D /* Main.storyboard */ = {
			isa = PBXVariantGroup;
			children = (
				6EAE857920118487000F056D /* Base */,
			);
			name = Main.storyboard;
			sourceTree = "<group>";
		};
		6EAE857D20118487000F056D /* LaunchScreen.storyboard */ = {
			isa = PBXVariantGroup;
			children = (
				6EAE857E20118487000F056D /* Base */,
			);
			name = LaunchScreen.storyboard;
			sourceTree = "<group>";
		};
/* End PBXVariantGroup section */

/* Begin XCBuildConfiguration section */
		6EAE859720118487000F056D /* Debug */ = {
			isa = XCBuildConfiguration;
			buildSettings = {
				ALWAYS_SEARCH_USER_PATHS = NO;
				CLANG_ANALYZER_NONNULL = YES;
				CLANG_ANALYZER_NUMBER_OBJECT_CONVERSION = YES_AGGRESSIVE;
				CLANG_CXX_LANGUAGE_STANDARD = "gnu++14";
				CLANG_CXX_LIBRARY = "libc++";
				CLANG_ENABLE_MODULES = YES;
				CLANG_ENABLE_OBJC_ARC = YES;
				CLANG_WARN_BLOCK_CAPTURE_AUTORELEASING = YES;
				CLANG_WARN_BOOL_CONVERSION = YES;
				CLANG_WARN_COMMA = YES;
				CLANG_WARN_CONSTANT_CONVERSION = YES;
				CLANG_WARN_DIRECT_OBJC_ISA_USAGE = YES_ERROR;
				CLANG_WARN_DOCUMENTATION_COMMENTS = YES;
				CLANG_WARN_EMPTY_BODY = YES;
				CLANG_WARN_ENUM_CONVERSION = YES;
				CLANG_WARN_INFINITE_RECURSION = YES;
				CLANG_WARN_INT_CONVERSION = YES;
				CLANG_WARN_NON_LITERAL_NULL_CONVERSION = YES;
				CLANG_WARN_OBJC_LITERAL_CONVERSION = YES;
				CLANG_WARN_OBJC_ROOT_CLASS = YES_ERROR;
				CLANG_WARN_RANGE_LOOP_ANALYSIS = YES;
				CLANG_WARN_STRICT_PROTOTYPES = YES;
				CLANG_WARN_SUSPICIOUS_MOVE = YES;
				CLANG_WARN_UNGUARDED_AVAILABILITY = YES_AGGRESSIVE;
				CLANG_WARN_UNREACHABLE_CODE = YES;
				CLANG_WARN__DUPLICATE_METHOD_MATCH = YES;
				CODE_SIGN_IDENTITY = "iPhone Developer";
				COPY_PHASE_STRIP = NO;
				DEBUG_INFORMATION_FORMAT = dwarf;
				ENABLE_STRICT_OBJC_MSGSEND = YES;
				ENABLE_TESTABILITY = YES;
				GCC_C_LANGUAGE_STANDARD = gnu11;
				GCC_DYNAMIC_NO_PIC = NO;
				GCC_NO_COMMON_BLOCKS = YES;
				GCC_OPTIMIZATION_LEVEL = 0;
				GCC_PREPROCESSOR_DEFINITIONS = (
					"DEBUG=1",
					"$(inherited)",
				);
				GCC_WARN_64_TO_32_BIT_CONVERSION = YES;
				GCC_WARN_ABOUT_RETURN_TYPE = YES_ERROR;
				GCC_WARN_UNDECLARED_SELECTOR = YES;
				GCC_WARN_UNINITIALIZED_AUTOS = YES_AGGRESSIVE;
				GCC_WARN_UNUSED_FUNCTION = YES;
				GCC_WARN_UNUSED_VARIABLE = YES;
				IPHONEOS_DEPLOYMENT_TARGET = 11.2;
				MTL_ENABLE_DEBUG_INFO = YES;
				ONLY_ACTIVE_ARCH = YES;
				SDKROOT = iphoneos;
				SWIFT_ACTIVE_COMPILATION_CONDITIONS = DEBUG;
				SWIFT_OPTIMIZATION_LEVEL = "-Onone";
			};
			name = Debug;
		};
		6EAE859820118487000F056D /* Release */ = {
			isa = XCBuildConfiguration;
			buildSettings = {
				ALWAYS_SEARCH_USER_PATHS = NO;
				CLANG_ANALYZER_NONNULL = YES;
				CLANG_ANALYZER_NUMBER_OBJECT_CONVERSION = YES_AGGRESSIVE;
				CLANG_CXX_LANGUAGE_STANDARD = "gnu++14";
				CLANG_CXX_LIBRARY = "libc++";
				CLANG_ENABLE_MODULES = YES;
				CLANG_ENABLE_OBJC_ARC = YES;
				CLANG_WARN_BLOCK_CAPTURE_AUTORELEASING = YES;
				CLANG_WARN_BOOL_CONVERSION = YES;
				CLANG_WARN_COMMA = YES;
				CLANG_WARN_CONSTANT_CONVERSION = YES;
				CLANG_WARN_DIRECT_OBJC_ISA_USAGE = YES_ERROR;
				CLANG_WARN_DOCUMENTATION_COMMENTS = YES;
				CLANG_WARN_EMPTY_BODY = YES;
				CLANG_WARN_ENUM_CONVERSION = YES;
				CLANG_WARN_INFINITE_RECURSION = YES;
				CLANG_WARN_INT_CONVERSION = YES;
				CLANG_WARN_NON_LITERAL_NULL_CONVERSION = YES;
				CLANG_WARN_OBJC_LITERAL_CONVERSION = YES;
				CLANG_WARN_OBJC_ROOT_CLASS = YES_ERROR;
				CLANG_WARN_RANGE_LOOP_ANALYSIS = YES;
				CLANG_WARN_STRICT_PROTOTYPES = YES;
				CLANG_WARN_SUSPICIOUS_MOVE = YES;
				CLANG_WARN_UNGUARDED_AVAILABILITY = YES_AGGRESSIVE;
				CLANG_WARN_UNREACHABLE_CODE = YES;
				CLANG_WARN__DUPLICATE_METHOD_MATCH = YES;
				CODE_SIGN_IDENTITY = "iPhone Developer";
				COPY_PHASE_STRIP = NO;
				DEBUG_INFORMATION_FORMAT = "dwarf-with-dsym";
				ENABLE_NS_ASSERTIONS = NO;
				ENABLE_STRICT_OBJC_MSGSEND = YES;
				GCC_C_LANGUAGE_STANDARD = gnu11;
				GCC_NO_COMMON_BLOCKS = YES;
				GCC_WARN_64_TO_32_BIT_CONVERSION = YES;
				GCC_WARN_ABOUT_RETURN_TYPE = YES_ERROR;
				GCC_WARN_UNDECLARED_SELECTOR = YES;
				GCC_WARN_UNINITIALIZED_AUTOS = YES_AGGRESSIVE;
				GCC_WARN_UNUSED_FUNCTION = YES;
				GCC_WARN_UNUSED_VARIABLE = YES;
				IPHONEOS_DEPLOYMENT_TARGET = 11.2;
				MTL_ENABLE_DEBUG_INFO = NO;
				SDKROOT = iphoneos;
				SWIFT_OPTIMIZATION_LEVEL = "-Owholemodule";
				VALIDATE_PRODUCT = YES;
			};
			name = Release;
		};
		6EAE859A20118487000F056D /* Debug */ = {
			isa = XCBuildConfiguration;
			buildSettings = {
				ASSETCATALOG_COMPILER_APPICON_NAME = AppIcon;
				CODE_SIGN_STYLE = Automatic;
				DEVELOPMENT_TEAM = KG653N5ES4;
				INFOPLIST_FILE = Airfields/Info.plist;
				LD_RUNPATH_SEARCH_PATHS = "$(inherited) @executable_path/Frameworks";
				PRODUCT_BUNDLE_IDENTIFIER = Caerus.Airfields;
				PRODUCT_NAME = "$(TARGET_NAME)";
				SWIFT_VERSION = 4.0;
				TARGETED_DEVICE_FAMILY = "1,2";
			};
			name = Debug;
		};
		6EAE859B20118487000F056D /* Release */ = {
			isa = XCBuildConfiguration;
			buildSettings = {
				ASSETCATALOG_COMPILER_APPICON_NAME = AppIcon;
				CODE_SIGN_STYLE = Automatic;
				DEVELOPMENT_TEAM = KG653N5ES4;
				INFOPLIST_FILE = Airfields/Info.plist;
				LD_RUNPATH_SEARCH_PATHS = "$(inherited) @executable_path/Frameworks";
				PRODUCT_BUNDLE_IDENTIFIER = Caerus.Airfields;
				PRODUCT_NAME = "$(TARGET_NAME)";
				SWIFT_VERSION = 4.0;
				TARGETED_DEVICE_FAMILY = "1,2";
			};
			name = Release;
		};
		6EAE859D20118487000F056D /* Debug */ = {
			isa = XCBuildConfiguration;
			buildSettings = {
				ALWAYS_EMBED_SWIFT_STANDARD_LIBRARIES = YES;
				BUNDLE_LOADER = "$(TEST_HOST)";
				CODE_SIGN_STYLE = Automatic;
				DEVELOPMENT_TEAM = KG653N5ES4;
				INFOPLIST_FILE = AirfieldsTests/Info.plist;
				LD_RUNPATH_SEARCH_PATHS = "$(inherited) @executable_path/Frameworks @loader_path/Frameworks";
				PRODUCT_BUNDLE_IDENTIFIER = Caerus.AirfieldsTests;
				PRODUCT_NAME = "$(TARGET_NAME)";
				SWIFT_VERSION = 4.0;
				TARGETED_DEVICE_FAMILY = "1,2";
				TEST_HOST = "$(BUILT_PRODUCTS_DIR)/Airfields.app/Airfields";
			};
			name = Debug;
		};
		6EAE859E20118487000F056D /* Release */ = {
			isa = XCBuildConfiguration;
			buildSettings = {
				ALWAYS_EMBED_SWIFT_STANDARD_LIBRARIES = YES;
				BUNDLE_LOADER = "$(TEST_HOST)";
				CODE_SIGN_STYLE = Automatic;
				DEVELOPMENT_TEAM = KG653N5ES4;
				INFOPLIST_FILE = AirfieldsTests/Info.plist;
				LD_RUNPATH_SEARCH_PATHS = "$(inherited) @executable_path/Frameworks @loader_path/Frameworks";
				PRODUCT_BUNDLE_IDENTIFIER = Caerus.AirfieldsTests;
				PRODUCT_NAME = "$(TARGET_NAME)";
				SWIFT_VERSION = 4.0;
				TARGETED_DEVICE_FAMILY = "1,2";
				TEST_HOST = "$(BUILT_PRODUCTS_DIR)/Airfields.app/Airfields";
			};
			name = Release;
		};
		6EAE85A020118487000F056D /* Debug */ = {
			isa = XCBuildConfiguration;
			buildSettings = {
				ALWAYS_EMBED_SWIFT_STANDARD_LIBRARIES = YES;
				CODE_SIGN_STYLE = Automatic;
				DEVELOPMENT_TEAM = KG653N5ES4;
				INFOPLIST_FILE = AirfieldsUITests/Info.plist;
				LD_RUNPATH_SEARCH_PATHS = "$(inherited) @executable_path/Frameworks @loader_path/Frameworks";
				PRODUCT_BUNDLE_IDENTIFIER = Caerus.AirfieldsUITests;
				PRODUCT_NAME = "$(TARGET_NAME)";
				SWIFT_VERSION = 4.0;
				TARGETED_DEVICE_FAMILY = "1,2";
				TEST_TARGET_NAME = Airfields;
			};
			name = Debug;
		};
		6EAE85A120118487000F056D /* Release */ = {
			isa = XCBuildConfiguration;
			buildSettings = {
				ALWAYS_EMBED_SWIFT_STANDARD_LIBRARIES = YES;
				CODE_SIGN_STYLE = Automatic;
				DEVELOPMENT_TEAM = KG653N5ES4;
				INFOPLIST_FILE = AirfieldsUITests/Info.plist;
				LD_RUNPATH_SEARCH_PATHS = "$(inherited) @executable_path/Frameworks @loader_path/Frameworks";
				PRODUCT_BUNDLE_IDENTIFIER = Caerus.AirfieldsUITests;
				PRODUCT_NAME = "$(TARGET_NAME)";
				SWIFT_VERSION = 4.0;
				TARGETED_DEVICE_FAMILY = "1,2";
				TEST_TARGET_NAME = Airfields;
			};
			name = Release;
		};
/* End XCBuildConfiguration section */

/* Begin XCConfigurationList section */
		6EAE856C20118487000F056D /* Build configuration list for PBXProject "Airfields" */ = {
			isa = XCConfigurationList;
			buildConfigurations = (
				6EAE859720118487000F056D /* Debug */,
				6EAE859820118487000F056D /* Release */,
			);
			defaultConfigurationIsVisible = 0;
			defaultConfigurationName = Release;
		};
		6EAE859920118487000F056D /* Build configuration list for PBXNativeTarget "Airfields" */ = {
			isa = XCConfigurationList;
			buildConfigurations = (
				6EAE859A20118487000F056D /* Debug */,
				6EAE859B20118487000F056D /* Release */,
			);
			defaultConfigurationIsVisible = 0;
			defaultConfigurationName = Release;
		};
		6EAE859C20118487000F056D /* Build configuration list for PBXNativeTarget "AirfieldsTests" */ = {
			isa = XCConfigurationList;
			buildConfigurations = (
				6EAE859D20118487000F056D /* Debug */,
				6EAE859E20118487000F056D /* Release */,
			);
			defaultConfigurationIsVisible = 0;
			defaultConfigurationName = Release;
		};
		6EAE859F20118487000F056D /* Build configuration list for PBXNativeTarget "AirfieldsUITests" */ = {
			isa = XCConfigurationList;
			buildConfigurations = (
				6EAE85A020118487000F056D /* Debug */,
				6EAE85A120118487000F056D /* Release */,
			);
			defaultConfigurationIsVisible = 0;
			defaultConfigurationName = Release;
		};
/* End XCConfigurationList section */
	};
	rootObject = 6EAE856920118487000F056D /* Project object */;
}
